
Microsoft Visual Studio Solution File, Format Version 12.00
# Visual Studio Version 17
VisualStudioVersion = 17.11.35219.272
MinimumVisualStudioVersion = 10.0.40219.1
Project("{FAE04EC0-301F-11D3-BF4B-00C04F79EFBC}") = "JaguarGymApp_Preview", "JaguarGymApp_Preview.csproj", "{44145F30-AE07-4BF3-92B6-FF6078872B51}"
EndProject
Global
	GlobalSection(SolutionConfigurationPlatforms) = preSolution
		Debug|Any CPU = Debug|Any CPU
		Release|Any CPU = Release|Any CPU
	EndGlobalSection
	GlobalSection(ProjectConfigurationPlatforms) = postSolution
		{44145F30-AE07-4BF3-92B6-FF6078872B51}.Debug|Any CPU.ActiveCfg = Debug|Any CPU
		{44145F30-AE07-4BF3-92B6-FF6078872B51}.Debug|Any CPU.Build.0 = Debug|Any CPU
		{44145F30-AE07-4BF3-92B6-FF6078872B51}.Release|Any CPU.ActiveCfg = Release|Any CPU
		{44145F30-AE07-4BF3-92B6-FF6078872B51}.Release|Any CPU.Build.0 = Release|Any CPU
	EndGlobalSection
	GlobalSection(SolutionProperties) = preSolution
		HideSolutionNode = FALSE
	EndGlobalSection
	GlobalSection(ExtensibilityGlobals) = postSolution
		SolutionGuid = {34583852-61C7-4E66-AFBC-20D3CC71F421}
	EndGlobalSection
EndGlobal
